
Microsoft Visual Studio Solution File, Format Version 12.00
# Visual Studio Version 16
VisualStudioVersion = 16.0.31727.386
MinimumVisualStudioVersion = 10.0.40219.1
Project("{FAE04EC0-301F-11D3-BF4B-00C04F79EFBC}") = "LINQ_Sad", "LINQ_Sad\LINQ_Sad.csproj", "{E96DF54A-6C9F-4A4C-9C10-0F5280E9CF24}"
EndProject
Global
	GlobalSection(SolutionConfigurationPlatforms) = preSolution
		Debug|Any CPU = Debug|Any CPU
		Release|Any CPU = Release|Any CPU
	EndGlobalSection
	GlobalSection(ProjectConfigurationPlatforms) = postSolution
		{E96DF54A-6C9F-4A4C-9C10-0F5280E9CF24}.Debug|Any CPU.ActiveCfg = Debug|Any CPU
		{E96DF54A-6C9F-4A4C-9C10-0F5280E9CF24}.Debug|Any CPU.Build.0 = Debug|Any CPU
		{E96DF54A-6C9F-4A4C-9C10-0F5280E9CF24}.Release|Any CPU.ActiveCfg = Release|Any CPU
		{E96DF54A-6C9F-4A4C-9C10-0F5280E9CF24}.Release|Any CPU.Build.0 = Release|Any CPU
	EndGlobalSection
	GlobalSection(SolutionProperties) = preSolution
		HideSolutionNode = FALSE
	EndGlobalSection
	GlobalSection(ExtensibilityGlobals) = postSolution
		SolutionGuid = {41469F67-3F50-4893-BE77-62957F0AE8AD}
	EndGlobalSection
EndGlobal
